# This file is generated by running "yarn install" inside your project.
# Manual changes might be lost - proceed with caution!

__metadata:
  version: 4

"@hapi/accept@npm:^5.0.1":
  version: 5.0.1
  resolution: "@hapi/accept@npm:5.0.1"
  dependencies:
    "@hapi/boom": 9.x.x
    "@hapi/hoek": 9.x.x
  checksum: 2/29e3281bd823fbb36d3b838cc25df4c26a9e5db4ed5b36919cf51fe63110e7cddfe3f3b1a88acf31dfe6c0f9c4be449cbe7e58429fa3597698aa1b1ea653d57a
  languageName: node
  linkType: hard

"@hapi/address@npm:4.x.x, @hapi/address@npm:^4.0.1":
  version: 4.0.1
  resolution: "@hapi/address@npm:4.0.1"
  dependencies:
    "@hapi/hoek": ^9.0.0
  checksum: 2/3b7b3bddb9e86f9eb478f8945f5bb93fb7ee19e935f97e82de69ac193c0ca85cf15f6a525a6ca914cdef894f4c3bd0ee81e3767656fcea01a7a9d6fdaee19fad
  languageName: node
  linkType: hard

"@hapi/ammo@npm:^5.0.1":
  version: 5.0.1
  resolution: "@hapi/ammo@npm:5.0.1"
  dependencies:
    "@hapi/hoek": 9.x.x
  checksum: 2/38cc373df4aeb8e6281a42ae1b91e68838b4152a202f6605f32c42ed98f236b004cd3a2d0ea8e3decb17d1826c4f07fa013a276906ecce7e742d8230953f3e1f
  languageName: node
  linkType: hard

"@hapi/b64@npm:5.x.x":
  version: 5.0.0
  resolution: "@hapi/b64@npm:5.0.0"
  dependencies:
    "@hapi/hoek": 9.x.x
  checksum: 2/45bed36a8ae3ca17e4b9676aa7bd2eafea148137e8ac94b8752e1a3c02e52d192687888f678597cc37acf80f9b60eefe3ba9e1571c2229a3f505e91419d433ba
  languageName: node
  linkType: hard

"@hapi/boom@npm:9.x.x":
  version: 9.1.0
  resolution: "@hapi/boom@npm:9.1.0"
  dependencies:
    "@hapi/hoek": 9.x.x
  checksum: 2/77b566e295e7571d7c9b525b7c840016e6edeaa5c1e473af758ca945668d8a87a34c7452f29c3694495925d7af9f0a9bffbf217650051273abb3e77eb0c2716f
  languageName: node
  linkType: hard

"@hapi/bounce@npm:2.x.x":
  version: 2.0.0
  resolution: "@hapi/bounce@npm:2.0.0"
  dependencies:
    "@hapi/boom": 9.x.x
    "@hapi/hoek": 9.x.x
  checksum: 2/ed0e791a34b79df3271a86c7c45da88b2b95ef7c1ba081ccad70092b028def39de777260d2aab1fff0df674a77158aa6ed218409a304e7d339a07a550d7ee0ee
  languageName: node
  linkType: hard

"@hapi/bourne@npm:2.x.x":
  version: 2.0.0
  resolution: "@hapi/bourne@npm:2.0.0"
  checksum: 2/97a3e6d44c63debbb170f5966a8076022e2855f1c4fa81edc8c6fd255ba56ce047c3dcce5055858188610eafd77e6420c67ece7fd17e3192830e2fbca7766fd0
  languageName: node
  linkType: hard

"@hapi/call@npm:8.x.x":
  version: 8.0.0
  resolution: "@hapi/call@npm:8.0.0"
  dependencies:
    "@hapi/address": 4.x.x
    "@hapi/boom": 9.x.x
    "@hapi/hoek": 9.x.x
  checksum: 2/c681c14fefbbd67171140839218d30a93f32fd1559337484e0a445e55fa1041ddcc98e1e45308966e888f7bda7bd48c35d565e8f095192e109e1b28f6a415849
  languageName: node
  linkType: hard

"@hapi/catbox-memory@npm:5.x.x":
  version: 5.0.0
  resolution: "@hapi/catbox-memory@npm:5.0.0"
  dependencies:
    "@hapi/boom": 9.x.x
    "@hapi/hoek": 9.x.x
  checksum: 2/c42b6729fae6b8d170184b7a27fb64b8b3aa05294e91b3af866a5383061e28140ec93185af1bdd81e1126adaa82cef3fee720c2bd834ddc8744c9fbcdc93f6e3
  languageName: node
  linkType: hard

"@hapi/catbox@npm:11.x.x":
  version: 11.1.0
  resolution: "@hapi/catbox@npm:11.1.0"
  dependencies:
    "@hapi/boom": 9.x.x
    "@hapi/hoek": 9.x.x
    "@hapi/joi": 17.x.x
    "@hapi/podium": 4.x.x
  checksum: 2/f60d0dce97ad1a2ba1c076944cdeccce4d7adef2651f6a9d15669cd3fc1e2474fd2aa6db3385494a16d67bbcc8e8615b98147edfb8b4156fe224eac9ead2b8f0
  languageName: node
  linkType: hard

"@hapi/content@npm:^5.0.2":
  version: 5.0.2
  resolution: "@hapi/content@npm:5.0.2"
  dependencies:
    "@hapi/boom": 9.x.x
  checksum: 2/01ab29a098b89caf23cec8d93aeeb730688f0e598fe5f78efd269206d00428bc1da33c96f77bc0856d640cd4458490a8218754782135222c769a5b20568111c7
  languageName: node
  linkType: hard

"@hapi/cryptiles@npm:5.x.x":
  version: 5.0.0
  resolution: "@hapi/cryptiles@npm:5.0.0"
  dependencies:
    "@hapi/boom": 9.x.x
  checksum: 2/5dc188f0e3056320d471a8e9723e729e64d3126eb75c05fa773b442ce3ac5f2a408c48f86b8abb20652700205ed2ecde3fbd3b6beb2fc41d7f25b3df026a37d1
  languageName: node
  linkType: hard

"@hapi/file@npm:2.x.x":
  version: 2.0.0
  resolution: "@hapi/file@npm:2.0.0"
  checksum: 2/f3441d629309e3d266e260e47b8eb39bd49078dafd6203cdc6694d036654b6de1655681460a67ab438f6807e022084168de0d2d8552133642dafd46a9fce9918
  languageName: node
  linkType: hard

"@hapi/formula@npm:^2.0.0":
  version: 2.0.0
  resolution: "@hapi/formula@npm:2.0.0"
  checksum: 2/02d14257149799b478e21f2620639470efb152f09dd2083fb9a6f247f29760de4af6ceb938b2337ecdf2a0514c2edd5beca6df5415d5c2cea909977fb0da4eaf
  languageName: node
  linkType: hard

"@hapi/hapi@npm:^19.1.1":
  version: 19.1.1
  resolution: "@hapi/hapi@npm:19.1.1"
  dependencies:
    "@hapi/accept": ^5.0.1
    "@hapi/ammo": ^5.0.1
    "@hapi/boom": 9.x.x
    "@hapi/bounce": 2.x.x
    "@hapi/call": 8.x.x
    "@hapi/catbox": 11.x.x
    "@hapi/catbox-memory": 5.x.x
    "@hapi/heavy": 7.x.x
    "@hapi/hoek": 9.x.x
    "@hapi/joi": 17.x.x
    "@hapi/mimos": 5.x.x
    "@hapi/podium": 4.x.x
    "@hapi/shot": 5.x.x
    "@hapi/somever": 3.x.x
    "@hapi/statehood": ^7.0.2
    "@hapi/subtext": ^7.0.3
    "@hapi/teamwork": 4.x.x
    "@hapi/topo": 5.x.x
  checksum: 2/f2314905a0d52bc0cdfee92793cc06ce646b68fafcdb10094ccbb92349100dc9980cd0a8aadd2d00e5ca0d1337c263d325684292df0749b2426b044315651c0a
  languageName: node
  linkType: hard

"@hapi/heavy@npm:7.x.x":
  version: 7.0.0
  resolution: "@hapi/heavy@npm:7.0.0"
  dependencies:
    "@hapi/boom": 9.x.x
    "@hapi/hoek": 9.x.x
    "@hapi/joi": 17.x.x
  checksum: 2/2b1c8b41047d6a6aad136ccb92ff3c37887f1cf39d6da7d0bc7226a31ca9c28539607e1a10296ad3603e55f623a9f52881001ebeff0e45ab5e02763e678b0e33
  languageName: node
  linkType: hard

"@hapi/hoek@npm:9.x.x, @hapi/hoek@npm:^9.0.0":
  version: 9.0.4
  resolution: "@hapi/hoek@npm:9.0.4"
  checksum: 2/d000f60d5e30db7ed2b838a7ec4a757542f04036c8eb431328fd1139f3f7dbd400a2c7d86acbbaf8b8da11dee6f8ae706f6d88bd71c02b3c5f16fd3f6223aa09
  languageName: node
  linkType: hard

"@hapi/iron@npm:6.x.x":
  version: 6.0.0
  resolution: "@hapi/iron@npm:6.0.0"
  dependencies:
    "@hapi/b64": 5.x.x
    "@hapi/boom": 9.x.x
    "@hapi/bourne": 2.x.x
    "@hapi/cryptiles": 5.x.x
    "@hapi/hoek": 9.x.x
  checksum: 2/427104bcc27df6f28d0c54f8dacbcebbce8ef4d67d1e3f39036af0e989385c63c02184a1f05dead7d3b9b232770d57cbe60df2a92380ea006e2757f96c07527e
  languageName: node
  linkType: hard

"@hapi/joi@npm:17.x.x":
  version: 17.1.1
  resolution: "@hapi/joi@npm:17.1.1"
  dependencies:
    "@hapi/address": ^4.0.1
    "@hapi/formula": ^2.0.0
    "@hapi/hoek": ^9.0.0
    "@hapi/pinpoint": ^2.0.0
    "@hapi/topo": ^5.0.0
  checksum: 2/7547ccf2a8168e4f68f630069ab069f94d0689bd18a034a6dea40cc9c7e88776665670316f65bdd29068dccde111f3d7164504cfaf6db183110b64f36c5643dd
  languageName: node
  linkType: hard

"@hapi/mimos@npm:5.x.x":
  version: 5.0.0
  resolution: "@hapi/mimos@npm:5.0.0"
  dependencies:
    "@hapi/hoek": 9.x.x
    mime-db: 1.x.x
  checksum: 2/a9c312486310ba86e567759ae1309af2539c826b02fa6b92ea94f35f356ce837930f8c10076a65c13d43f081b74481b125d8e075a11a17980441ceb29cecdcba
  languageName: node
  linkType: hard

"@hapi/nigel@npm:4.x.x":
  version: 4.0.0
  resolution: "@hapi/nigel@npm:4.0.0"
  dependencies:
    "@hapi/hoek": 9.x.x
    "@hapi/vise": 4.x.x
  checksum: 2/6737d6e8ab7543cfaad613ce1a08e35ab17366f2a852ceabebf45bc0e77941af0bca620983231d6f708ab5e66abf26950af781072809adca0a63c02ca91f7787
  languageName: node
  linkType: hard

"@hapi/pez@npm:^5.0.1":
  version: 5.0.2
  resolution: "@hapi/pez@npm:5.0.2"
  dependencies:
    "@hapi/b64": 5.x.x
    "@hapi/boom": 9.x.x
    "@hapi/content": ^5.0.2
    "@hapi/hoek": 9.x.x
    "@hapi/nigel": 4.x.x
  checksum: 2/d3f1f0104e100bb4420b52f8e178c3c25437c1cc0700ce2e5e4a4e04422d60798bfd195a6738c8574543fe026eac4c5780c27c0ce17ae17b32400f53cbd28c8b
  languageName: node
  linkType: hard

"@hapi/pinpoint@npm:^2.0.0":
  version: 2.0.0
  resolution: "@hapi/pinpoint@npm:2.0.0"
  checksum: 2/445ca018999145dccff58ca1be71fa533c3124a1d0f256b8c3daf88067992a20aebfbdee49664741cfac160d924c76d24bd3e8eeb521af721e6f606f4bd64634
  languageName: node
  linkType: hard

"@hapi/podium@npm:4.x.x":
  version: 4.1.0
  resolution: "@hapi/podium@npm:4.1.0"
  dependencies:
    "@hapi/hoek": 9.x.x
    "@hapi/joi": 17.x.x
    "@hapi/teamwork": 4.x.x
  checksum: 2/b53f2461d677c931f54a434148d142048d656aa715ef74a9cdacb886d8da92092065592030312a107629753204173fc6fe7d09aba316fe6e270fe81ccf524f99
  languageName: node
  linkType: hard

"@hapi/shot@npm:5.x.x":
  version: 5.0.0
  resolution: "@hapi/shot@npm:5.0.0"
  dependencies:
    "@hapi/hoek": 9.x.x
    "@hapi/joi": 17.x.x
  checksum: 2/7b4a3e09f80d3de48d809db06ab5d4a90b1bce6dec6373803fdf39564a1fcbf384436eeb409fb78ad9f25cfc89b1273800d3edf8e3a4c41de87b1cc4e5f66f35
  languageName: node
  linkType: hard

"@hapi/somever@npm:3.x.x":
  version: 3.0.0
  resolution: "@hapi/somever@npm:3.0.0"
  dependencies:
    "@hapi/bounce": 2.x.x
    "@hapi/hoek": 9.x.x
  checksum: 2/8fd4a2dfe1f7e49358edab7351b25d74dc6673af42bb590f9886aa4aa0f68ac246f4fbdc3f35908ef2b2ebb08fefa76c1fe44713e8e985c7ca0cfc728bdb6759
  languageName: node
  linkType: hard

"@hapi/statehood@npm:^7.0.2":
  version: 7.0.2
  resolution: "@hapi/statehood@npm:7.0.2"
  dependencies:
    "@hapi/boom": 9.x.x
    "@hapi/bounce": 2.x.x
    "@hapi/bourne": 2.x.x
    "@hapi/cryptiles": 5.x.x
    "@hapi/hoek": 9.x.x
    "@hapi/iron": 6.x.x
    "@hapi/joi": 17.x.x
  checksum: 2/d82bb65b1e3b255e38346b9b257d27a6bd39fb0e9f87787f3d92dd36b7c7a03e4b25729dbce7528457933cd0da2d63acc5a4188d0ae1263d75337965c418f42c
  languageName: node
  linkType: hard

"@hapi/subtext@npm:^7.0.3":
  version: 7.0.3
  resolution: "@hapi/subtext@npm:7.0.3"
  dependencies:
    "@hapi/boom": 9.x.x
    "@hapi/bourne": 2.x.x
    "@hapi/content": ^5.0.2
    "@hapi/file": 2.x.x
    "@hapi/hoek": 9.x.x
    "@hapi/pez": ^5.0.1
    "@hapi/wreck": 17.x.x
  checksum: 2/40c0cc4fc1b6b246118dbabba9e382904dce61f0c8d4f17fe1c3a0d25a8cd1f78bdda5c938cfd749e6a4133f2f344d000e54f6e644b8db33d9a19ee1d9bdf948
  languageName: node
  linkType: hard

"@hapi/teamwork@npm:4.x.x":
  version: 4.0.0
  resolution: "@hapi/teamwork@npm:4.0.0"
  checksum: 2/135ee46a865a1b90eab1c43ec6114acd2a54bf656fc3dab0c6ed6015e554e0d0ad669682c992e3d8c03ce0f15637dfb99912a64b595c26166260f761008fc6f7
  languageName: node
  linkType: hard

"@hapi/topo@npm:5.x.x, @hapi/topo@npm:^5.0.0":
  version: 5.0.0
  resolution: "@hapi/topo@npm:5.0.0"
  dependencies:
    "@hapi/hoek": ^9.0.0
  checksum: 2/f92797d5ef54bb801a3591a118ea483ed5a6b41cdd1aaa6f7bf427b64b5f76056bc7063447adf43be8f94b04408228cce12963ea498b8da8f9e01d01c78710ac
  languageName: node
  linkType: hard

"@hapi/vise@npm:4.x.x":
  version: 4.0.0
  resolution: "@hapi/vise@npm:4.0.0"
  dependencies:
    "@hapi/hoek": 9.x.x
  checksum: 2/838d9ea1140cc82a0fa133fa091c48f3d19f5c13bf9de8fd52aaaa3508c84574941009bde0993a8adb5c6fe422ef99937da15deba41beabe6a38050e3c930da8
  languageName: node
  linkType: hard

"@hapi/wreck@npm:17.x.x":
  version: 17.0.0
  resolution: "@hapi/wreck@npm:17.0.0"
  dependencies:
    "@hapi/boom": 9.x.x
    "@hapi/bourne": 2.x.x
    "@hapi/hoek": 9.x.x
  checksum: 2/00ce42ac35bcfd7d233ab71d293b6215975e327f9022cab7282a6e5169b855515960142eee98357989eb8b8349c8f1a9f2ab49315ae372efca426e974722baf9
  languageName: node
  linkType: hard

"api@workspace:packages/api":
  version: 0.0.0-use.local
  resolution: "api@workspace:packages/api"
  dependencies:
    "@hapi/hapi": ^19.1.1
  languageName: unknown
  linkType: soft

"frontend@workspace:packages/frontend":
  version: 0.0.0-use.local
  resolution: "frontend@workspace:packages/frontend"
  dependencies:
    api: "workspace:packages/api"
  languageName: unknown
  linkType: soft

"mime-db@npm:1.x.x":
  version: 1.43.0
  resolution: "mime-db@npm:1.43.0"
  checksum: 2/756d8ac9ea62e3f4bcecb7513208ccd213f96930dbaa7e6ebc83f3517f5efa2eeec6923c28e6409049eb29d54668ff3e80e9c3605a1270498d6e52fde0fd3bc2
  languageName: node
  linkType: hard

"yarn-experiment@workspace:.":
  version: 0.0.0-use.local
  resolution: "yarn-experiment@workspace:."
  languageName: unknown
  linkType: soft
